{
  "name": "src",
  "version": "1.0.0",
  "lockfileVersion": 3,
  "requires": true,
  "packages": {
    "": {
      "name": "src",
      "version": "1.0.0",
      "license": "ISC",
      "devDependencies": {
        "@types/google-apps-script": "^2.0.5"
      }
    },
    "node_modules/@types/google-apps-script": {
      "version": "2.0.5",
      "resolved": "https://registry.npmjs.org/@types/google-apps-script/-/google-apps-script-2.0.5.tgz",
      "integrity": "sha512-70H/wO+fVv4+ye1ju+lNDLyfFoDJUfvyxqka1HYWns5J7qV+J9gHRJLGEdQNd/qF/G2lhuQDTZrMf7Pmron0Cw==",
      "dev": true,
      "license": "MIT"
    }
  }
}
